
Microsoft Visual Studio Solution File, Format Version 12.00
# Visual Studio 15
VisualStudioVersion = 15.0.28307.572
MinimumVisualStudioVersion = 10.0.40219.1
Project("{9A19103F-16F7-4668-BE54-9A1E7A4F7556}") = "Demo1talent", "Demo1talent\Demo1talent.csproj", "{0CBC08A0-E394-419B-AA36-F1C96CB1435B}"
EndProject
Project("{9A19103F-16F7-4668-BE54-9A1E7A4F7556}") = "Demo1Talent.BLL", "Demo1Talent.BLL\Demo1Talent.BLL.csproj", "{34849648-6F20-46BC-86FF-1ADC77B4E0A5}"
EndProject
Project("{9A19103F-16F7-4668-BE54-9A1E7A4F7556}") = "Demo1Talent.DTO", "Demo1Talent.DTO\Demo1Talent.DTO.csproj", "{F67FF70C-0166-4E37-81DC-334FE98C7AFB}"
EndProject
Project("{9A19103F-16F7-4668-BE54-9A1E7A4F7556}") = "Demo1Talent.DAL", "Demo1Talent.DAL\Demo1Talent.DAL.csproj", "{6E9CE2E7-55CC-4E6C-A737-C9588D93F62A}"
EndProject
Project("{9A19103F-16F7-4668-BE54-9A1E7A4F7556}") = "Demo1Talent.UnitTest", "Demo1Talent.UnitTest\Demo1Talent.UnitTest.csproj", "{BE1D7095-7256-4CAF-9927-64F025521B57}"
EndProject
Global
	GlobalSection(SolutionConfigurationPlatforms) = preSolution
		Debug|Any CPU = Debug|Any CPU
		Release|Any CPU = Release|Any CPU
	EndGlobalSection
	GlobalSection(ProjectConfigurationPlatforms) = postSolution
		{0CBC08A0-E394-419B-AA36-F1C96CB1435B}.Debug|Any CPU.ActiveCfg = Debug|Any CPU
		{0CBC08A0-E394-419B-AA36-F1C96CB1435B}.Debug|Any CPU.Build.0 = Debug|Any CPU
		{0CBC08A0-E394-419B-AA36-F1C96CB1435B}.Release|Any CPU.ActiveCfg = Release|Any CPU
		{0CBC08A0-E394-419B-AA36-F1C96CB1435B}.Release|Any CPU.Build.0 = Release|Any CPU
		{34849648-6F20-46BC-86FF-1ADC77B4E0A5}.Debug|Any CPU.ActiveCfg = Debug|Any CPU
		{34849648-6F20-46BC-86FF-1ADC77B4E0A5}.Debug|Any CPU.Build.0 = Debug|Any CPU
		{34849648-6F20-46BC-86FF-1ADC77B4E0A5}.Release|Any CPU.ActiveCfg = Release|Any CPU
		{34849648-6F20-46BC-86FF-1ADC77B4E0A5}.Release|Any CPU.Build.0 = Release|Any CPU
		{F67FF70C-0166-4E37-81DC-334FE98C7AFB}.Debug|Any CPU.ActiveCfg = Debug|Any CPU
		{F67FF70C-0166-4E37-81DC-334FE98C7AFB}.Debug|Any CPU.Build.0 = Debug|Any CPU
		{F67FF70C-0166-4E37-81DC-334FE98C7AFB}.Release|Any CPU.ActiveCfg = Release|Any CPU
		{F67FF70C-0166-4E37-81DC-334FE98C7AFB}.Release|Any CPU.Build.0 = Release|Any CPU
		{6E9CE2E7-55CC-4E6C-A737-C9588D93F62A}.Debug|Any CPU.ActiveCfg = Debug|Any CPU
		{6E9CE2E7-55CC-4E6C-A737-C9588D93F62A}.Debug|Any CPU.Build.0 = Debug|Any CPU
		{6E9CE2E7-55CC-4E6C-A737-C9588D93F62A}.Release|Any CPU.ActiveCfg = Release|Any CPU
		{6E9CE2E7-55CC-4E6C-A737-C9588D93F62A}.Release|Any CPU.Build.0 = Release|Any CPU
		{BE1D7095-7256-4CAF-9927-64F025521B57}.Debug|Any CPU.ActiveCfg = Debug|Any CPU
		{BE1D7095-7256-4CAF-9927-64F025521B57}.Debug|Any CPU.Build.0 = Debug|Any CPU
		{BE1D7095-7256-4CAF-9927-64F025521B57}.Release|Any CPU.ActiveCfg = Release|Any CPU
		{BE1D7095-7256-4CAF-9927-64F025521B57}.Release|Any CPU.Build.0 = Release|Any CPU
	EndGlobalSection
	GlobalSection(SolutionProperties) = preSolution
		HideSolutionNode = FALSE
	EndGlobalSection
	GlobalSection(ExtensibilityGlobals) = postSolution
		SolutionGuid = {715294D5-3BC3-48DA-8A2C-A3731BC1345E}
	EndGlobalSection
EndGlobal
